
Microsoft Visual Studio Solution File, Format Version 12.00
# Visual Studio Version 17
VisualStudioVersion = 17.11.35327.3
MinimumVisualStudioVersion = 10.0.40219.1
Project("{8BC9CEB8-8B4A-11D0-8D11-00A0C91BC942}") = "AddressLogger", "AddressLogger.vcxproj", "{3489D86F-BE0D-44CC-8881-A1D04F965BDF}"
EndProject
Global
	GlobalSection(SolutionConfigurationPlatforms) = preSolution
		Release|x86 = Release|x86
	EndGlobalSection
	GlobalSection(ProjectConfigurationPlatforms) = postSolution
		{3489D86F-BE0D-44CC-8881-A1D04F965BDF}.Release|x86.ActiveCfg = Release|Win32
		{3489D86F-BE0D-44CC-8881-A1D04F965BDF}.Release|x86.Build.0 = Release|Win32
	EndGlobalSection
	GlobalSection(SolutionProperties) = preSolution
		HideSolutionNode = FALSE
	EndGlobalSection
	GlobalSection(ExtensibilityGlobals) = postSolution
		SolutionGuid = {9E2797C3-9CA5-4143-B959-70C3B548CE08}
	EndGlobalSection
EndGlobal
